
Microsoft Visual Studio Solution File, Format Version 12.00
Project("{2150E333-8FDC-42A3-9474-1A3956D46DE8}") = "src", "src", "{798B3050-CF60-4E5F-952C-4BA5B00C3F66}"
EndProject
Project("{2150E333-8FDC-42A3-9474-1A3956D46DE8}") = "samples", "samples", "{29213032-57B9-4418-B548-89579635B306}"
EndProject
Project("{FAE04EC0-301F-11D3-BF4B-00C04F79EFBC}") = "NexxLogic.Elsa.V2.Samples", "samples\NexxLogic.Elsa.V2.Samples\NexxLogic.Elsa.V2.Samples.csproj", "{342A9C5E-F0AA-484D-9963-011ABB9B1A04}"
EndProject
Project("{FAE04EC0-301F-11D3-BF4B-00C04F79EFBC}") = "NexxLogic.Elsa.V2.Activities.SoapConnector", "src\NexxLogic.Elsa.V2.Activities.SoapConnector\NexxLogic.Elsa.V2.Activities.SoapConnector.csproj", "{61DACE47-DADD-4F28-B1DE-0B4B49DD5EE4}"
EndProject
Global
	GlobalSection(SolutionConfigurationPlatforms) = preSolution
		Debug|Any CPU = Debug|Any CPU
		Release|Any CPU = Release|Any CPU
	EndGlobalSection
	GlobalSection(ProjectConfigurationPlatforms) = postSolution
		{342A9C5E-F0AA-484D-9963-011ABB9B1A04}.Debug|Any CPU.ActiveCfg = Debug|Any CPU
		{342A9C5E-F0AA-484D-9963-011ABB9B1A04}.Debug|Any CPU.Build.0 = Debug|Any CPU
		{342A9C5E-F0AA-484D-9963-011ABB9B1A04}.Release|Any CPU.ActiveCfg = Release|Any CPU
		{342A9C5E-F0AA-484D-9963-011ABB9B1A04}.Release|Any CPU.Build.0 = Release|Any CPU
		{61DACE47-DADD-4F28-B1DE-0B4B49DD5EE4}.Debug|Any CPU.ActiveCfg = Debug|Any CPU
		{61DACE47-DADD-4F28-B1DE-0B4B49DD5EE4}.Debug|Any CPU.Build.0 = Debug|Any CPU
		{61DACE47-DADD-4F28-B1DE-0B4B49DD5EE4}.Release|Any CPU.ActiveCfg = Release|Any CPU
		{61DACE47-DADD-4F28-B1DE-0B4B49DD5EE4}.Release|Any CPU.Build.0 = Release|Any CPU
	EndGlobalSection
	GlobalSection(NestedProjects) = preSolution
		{342A9C5E-F0AA-484D-9963-011ABB9B1A04} = {29213032-57B9-4418-B548-89579635B306}
		{61DACE47-DADD-4F28-B1DE-0B4B49DD5EE4} = {798B3050-CF60-4E5F-952C-4BA5B00C3F66}
	EndGlobalSection
EndGlobal
